
Microsoft Visual Studio Solution File, Format Version 12.00
# Visual Studio Version 16
VisualStudioVersion = 16.0.33529.622
MinimumVisualStudioVersion = 10.0.40219.1
Project("{FAE04EC0-301F-11D3-BF4B-00C04F79EFBC}") = "bellman fords", "bellman fords\bellman fords.csproj", "{2F81A06A-3BA8-4BB0-AB9C-899FFDF42419}"
EndProject
Global
	GlobalSection(SolutionConfigurationPlatforms) = preSolution
		Debug|Any CPU = Debug|Any CPU
		Release|Any CPU = Release|Any CPU
	EndGlobalSection
	GlobalSection(ProjectConfigurationPlatforms) = postSolution
		{2F81A06A-3BA8-4BB0-AB9C-899FFDF42419}.Debug|Any CPU.ActiveCfg = Debug|Any CPU
		{2F81A06A-3BA8-4BB0-AB9C-899FFDF42419}.Debug|Any CPU.Build.0 = Debug|Any CPU
		{2F81A06A-3BA8-4BB0-AB9C-899FFDF42419}.Release|Any CPU.ActiveCfg = Release|Any CPU
		{2F81A06A-3BA8-4BB0-AB9C-899FFDF42419}.Release|Any CPU.Build.0 = Release|Any CPU
	EndGlobalSection
	GlobalSection(SolutionProperties) = preSolution
		HideSolutionNode = FALSE
	EndGlobalSection
	GlobalSection(ExtensibilityGlobals) = postSolution
		SolutionGuid = {8C7F4591-D6E6-40A7-B21A-806608EF098E}
	EndGlobalSection
EndGlobal
